
Microsoft Visual Studio Solution File, Format Version 12.00
# Visual Studio Version 17
VisualStudioVersion = 17.9.34728.123
MinimumVisualStudioVersion = 10.0.40219.1
Project("{FAE04EC0-301F-11D3-BF4B-00C04F79EFBC}") = "Calculator", "Calculator\Calculator.csproj", "{8F258C40-2902-4F74-BD1C-B4F3E911E841}"
EndProject
Project("{FAE04EC0-301F-11D3-BF4B-00C04F79EFBC}") = "Dice game", "Dice game\Dice game.csproj", "{5FF9C3EC-3B8D-4A0C-AAA9-921F081D0442}"
EndProject
Project("{FAE04EC0-301F-11D3-BF4B-00C04F79EFBC}") = "NumberGuessing", "NumberGuessing\NumberGuessing.csproj", "{216894DF-D8C0-4231-8B46-C23B28F8F733}"
EndProject
Global
	GlobalSection(SolutionConfigurationPlatforms) = preSolution
		Debug|Any CPU = Debug|Any CPU
		Release|Any CPU = Release|Any CPU
	EndGlobalSection
	GlobalSection(ProjectConfigurationPlatforms) = postSolution
		{8F258C40-2902-4F74-BD1C-B4F3E911E841}.Debug|Any CPU.ActiveCfg = Debug|Any CPU
		{8F258C40-2902-4F74-BD1C-B4F3E911E841}.Debug|Any CPU.Build.0 = Debug|Any CPU
		{8F258C40-2902-4F74-BD1C-B4F3E911E841}.Release|Any CPU.ActiveCfg = Release|Any CPU
		{8F258C40-2902-4F74-BD1C-B4F3E911E841}.Release|Any CPU.Build.0 = Release|Any CPU
		{5FF9C3EC-3B8D-4A0C-AAA9-921F081D0442}.Debug|Any CPU.ActiveCfg = Debug|Any CPU
		{5FF9C3EC-3B8D-4A0C-AAA9-921F081D0442}.Debug|Any CPU.Build.0 = Debug|Any CPU
		{5FF9C3EC-3B8D-4A0C-AAA9-921F081D0442}.Release|Any CPU.ActiveCfg = Release|Any CPU
		{5FF9C3EC-3B8D-4A0C-AAA9-921F081D0442}.Release|Any CPU.Build.0 = Release|Any CPU
		{216894DF-D8C0-4231-8B46-C23B28F8F733}.Debug|Any CPU.ActiveCfg = Debug|Any CPU
		{216894DF-D8C0-4231-8B46-C23B28F8F733}.Debug|Any CPU.Build.0 = Debug|Any CPU
		{216894DF-D8C0-4231-8B46-C23B28F8F733}.Release|Any CPU.ActiveCfg = Release|Any CPU
		{216894DF-D8C0-4231-8B46-C23B28F8F733}.Release|Any CPU.Build.0 = Release|Any CPU
	EndGlobalSection
	GlobalSection(SolutionProperties) = preSolution
		HideSolutionNode = FALSE
	EndGlobalSection
	GlobalSection(ExtensibilityGlobals) = postSolution
		SolutionGuid = {066088D3-E5C5-4CEF-9853-A96A4A7EF87A}
	EndGlobalSection
EndGlobal
